
Microsoft Visual Studio Solution File, Format Version 12.00
# Visual Studio Version 16
VisualStudioVersion = 16.0.29123.88
MinimumVisualStudioVersion = 10.0.40219.1
Project("{FAE04EC0-301F-11D3-BF4B-00C04F79EFBC}") = "RwConsole", "RwConsole\RwConsole.csproj", "{F076C96E-70DC-4932-824F-7B3F4A22D38D}"
EndProject
Global
	GlobalSection(SolutionConfigurationPlatforms) = preSolution
		Debug|Any CPU = Debug|Any CPU
		Release|Any CPU = Release|Any CPU
	EndGlobalSection
	GlobalSection(ProjectConfigurationPlatforms) = postSolution
		{F076C96E-70DC-4932-824F-7B3F4A22D38D}.Debug|Any CPU.ActiveCfg = Debug|Any CPU
		{F076C96E-70DC-4932-824F-7B3F4A22D38D}.Debug|Any CPU.Build.0 = Debug|Any CPU
		{F076C96E-70DC-4932-824F-7B3F4A22D38D}.Release|Any CPU.ActiveCfg = Release|Any CPU
		{F076C96E-70DC-4932-824F-7B3F4A22D38D}.Release|Any CPU.Build.0 = Release|Any CPU
	EndGlobalSection
	GlobalSection(SolutionProperties) = preSolution
		HideSolutionNode = FALSE
	EndGlobalSection
	GlobalSection(ExtensibilityGlobals) = postSolution
		SolutionGuid = {EA945635-B238-4F80-AD07-118631E0D248}
	EndGlobalSection
EndGlobal
